
Microsoft Visual Studio Solution File, Format Version 12.00
# Visual Studio Version 16
VisualStudioVersion = 16.0.808.5
MinimumVisualStudioVersion = 10.0.40219.1
Project("{FAE04EC0-301F-11D3-BF4B-00C04F79EFBC}") = "TestMathFunc", "TestMathFunc.csproj", "{3AFF8796-602A-410B-9150-4016A17D69EB}"
EndProject
Global
	GlobalSection(SolutionConfigurationPlatforms) = preSolution
		Debug|Any CPU = Debug|Any CPU
		Release|Any CPU = Release|Any CPU
	EndGlobalSection
	GlobalSection(ProjectConfigurationPlatforms) = postSolution
		{3AFF8796-602A-410B-9150-4016A17D69EB}.Debug|Any CPU.ActiveCfg = Debug|Any CPU
		{3AFF8796-602A-410B-9150-4016A17D69EB}.Debug|Any CPU.Build.0 = Debug|Any CPU
		{3AFF8796-602A-410B-9150-4016A17D69EB}.Release|Any CPU.ActiveCfg = Release|Any CPU
		{3AFF8796-602A-410B-9150-4016A17D69EB}.Release|Any CPU.Build.0 = Release|Any CPU
	EndGlobalSection
	GlobalSection(SolutionProperties) = preSolution
		HideSolutionNode = FALSE
	EndGlobalSection
	GlobalSection(ExtensibilityGlobals) = postSolution
		SolutionGuid = {79D2B994-0273-488F-9785-6103CC44D887}
	EndGlobalSection
EndGlobal
